// !$*UTF8*$!
{
	archiveVersion = 1;
	classes = {
	};
	objectVersion = 46;
	objects = {

/* Begin PBXBuildFile section */
		8454E0A71D6E860400A74CB1 /* AppDelegate.swift in Sources */ = {isa = PBXBuildFile; fileRef = 8454E0A61D6E860400A74CB1 /* AppDelegate.swift */; };
		8454E0A91D6E860400A74CB1 /* ViewController.swift in Sources */ = {isa = PBXBuildFile; fileRef = 8454E0A81D6E860400A74CB1 /* ViewController.swift */; };
		8454E0AC1D6E860400A74CB1 /* Main.storyboard in Resources */ = {isa = PBXBuildFile; fileRef = 8454E0AA1D6E860400A74CB1 /* Main.storyboard */; };
		8454E0AE1D6E860400A74CB1 /* Assets.xcassets in Resources */ = {isa = PBXBuildFile; fileRef = 8454E0AD1D6E860400A74CB1 /* Assets.xcassets */; };
		8454E0B11D6E860400A74CB1 /* LaunchScreen.storyboard in Resources */ = {isa = PBXBuildFile; fileRef = 8454E0AF1D6E860400A74CB1 /* LaunchScreen.storyboard */; };
		8454E0BC1D6E860400A74CB1 /* MyTableViewTests.swift in Sources */ = {isa = PBXBuildFile; fileRef = 8454E0BB1D6E860400A74CB1 /* MyTableViewTests.swift */; };
		8454E0C71D6E86B000A74CB1 /* WebServiceManager.swift in Sources */ = {isa = PBXBuildFile; fileRef = 8454E0C61D6E86B000A74CB1 /* WebServiceManager.swift */; };
/* End PBXBuildFile section */

/* Begin PBXContainerItemProxy section */
		8454E0B81D6E860400A74CB1 /* PBXContainerItemProxy */ = {
			isa = PBXContainerItemProxy;
			containerPortal = 8454E09B1D6E860300A74CB1 /* Project object */;
			proxyType = 1;
			remoteGlobalIDString = 8454E0A21D6E860400A74CB1;
			remoteInfo = MyTableView;
		};
/* End PBXContainerItemProxy section */

/* Begin PBXFileReference section */
		8454E0A31D6E860400A74CB1 /* MyTableView.app */ = {isa = PBXFileReference; explicitFileType = wrapper.application; includeInIndex = 0; path = MyTableView.app; sourceTree = BUILT_PRODUCTS_DIR; };
		8454E0A61D6E860400A74CB1 /* AppDelegate.swift */ = {isa = PBXFileReference; lastKnownFileType = sourcecode.swift; path = AppDelegate.swift; sourceTree = "<group>"; };
		8454E0A81D6E860400A74CB1 /* ViewController.swift */ = {isa = PBXFileReference; lastKnownFileType = sourcecode.swift; path = ViewController.swift; sourceTree = "<group>"; };
		8454E0AB1D6E860400A74CB1 /* Base */ = {isa = PBXFileReference; lastKnownFileType = file.storyboard; name = Base; path = Base.lproj/Main.storyboard; sourceTree = "<group>"; };
		8454E0AD1D6E860400A74CB1 /* Assets.xcassets */ = {isa = PBXFileReference; lastKnownFileType = folder.assetcatalog; path = Assets.xcassets; sourceTree = "<group>"; };
		8454E0B01D6E860400A74CB1 /* Base */ = {isa = PBXFileReference; lastKnownFileType = file.storyboard; name = Base; path = Base.lproj/LaunchScreen.storyboard; sourceTree = "<group>"; };
		8454E0B21D6E860400A74CB1 /* Info.plist */ = {isa = PBXFileReference; lastKnownFileType = text.plist.xml; path = Info.plist; sourceTree = "<group>"; };
		8454E0B71D6E860400A74CB1 /* MyTableViewTests.xctest */ = {isa = PBXFileReference; explicitFileType = wrapper.cfbundle; includeInIndex = 0; path = MyTableViewTests.xctest; sourceTree = BUILT_PRODUCTS_DIR; };
		8454E0BB1D6E860400A74CB1 /* MyTableViewTests.swift */ = {isa = PBXFileReference; lastKnownFileType = sourcecode.swift; path = MyTableViewTests.swift; sourceTree = "<group>"; };
		8454E0BD1D6E860400A74CB1 /* Info.plist */ = {isa = PBXFileReference; lastKnownFileType = text.plist.xml; path = Info.plist; sourceTree = "<group>"; };
		8454E0C61D6E86B000A74CB1 /* WebServiceManager.swift */ = {isa = PBXFileReference; fileEncoding = 4; lastKnownFileType = sourcecode.swift; name = WebServiceManager.swift; path = Models/WebServiceManager.swift; sourceTree = "<group>"; };
/* End PBXFileReference section */

/* Begin PBXFrameworksBuildPhase section */
		8454E0A01D6E860400A74CB1 /* Frameworks */ = {
			isa = PBXFrameworksBuildPhase;
			buildActionMask = 2147483647;
			files = (
			);
			runOnlyForDeploymentPostprocessing = 0;
		};
		8454E0B41D6E860400A74CB1 /* Frameworks */ = {
			isa = PBXFrameworksBuildPhase;
			buildActionMask = 2147483647;
			files = (
			);
			runOnlyForDeploymentPostprocessing = 0;
		};
/* End PBXFrameworksBuildPhase section */

/* Begin PBXGroup section */
		8454E09A1D6E860300A74CB1 = {
			isa = PBXGroup;
			children = (
				8454E0A51D6E860400A74CB1 /* MyTableView */,
				8454E0BA1D6E860400A74CB1 /* MyTableViewTests */,
				8454E0A41D6E860400A74CB1 /* Products */,
			);
			sourceTree = "<group>";
		};
		8454E0A41D6E860400A74CB1 /* Products */ = {
			isa = PBXGroup;
			children = (
				8454E0A31D6E860400A74CB1 /* MyTableView.app */,
				8454E0B71D6E860400A74CB1 /* MyTableViewTests.xctest */,
			);
			name = Products;
			sourceTree = "<group>";
		};
		8454E0A51D6E860400A74CB1 /* MyTableView */ = {
			isa = PBXGroup;
			children = (
				8454E0C81D6E86C500A74CB1 /* Models */,
				8454E0A61D6E860400A74CB1 /* AppDelegate.swift */,
				8454E0A81D6E860400A74CB1 /* ViewController.swift */,
				8454E0AA1D6E860400A74CB1 /* Main.storyboard */,
				8454E0AD1D6E860400A74CB1 /* Assets.xcassets */,
				8454E0AF1D6E860400A74CB1 /* LaunchScreen.storyboard */,
				8454E0B21D6E860400A74CB1 /* Info.plist */,
			);
			path = MyTableView;
			sourceTree = "<group>";
		};
		8454E0BA1D6E860400A74CB1 /* MyTableViewTests */ = {
			isa = PBXGroup;
			children = (
				8454E0BB1D6E860400A74CB1 /* MyTableViewTests.swift */,
				8454E0BD1D6E860400A74CB1 /* Info.plist */,
			);
			path = MyTableViewTests;
			sourceTree = "<group>";
		};
		8454E0C81D6E86C500A74CB1 /* Models */ = {
			isa = PBXGroup;
			children = (
				8454E0C61D6E86B000A74CB1 /* WebServiceManager.swift */,
			);
			name = Models;
			sourceTree = "<group>";
		};
/* End PBXGroup section */

/* Begin PBXNativeTarget section */
		8454E0A21D6E860400A74CB1 /* MyTableView */ = {
			isa = PBXNativeTarget;
			buildConfigurationList = 8454E0C01D6E860400A74CB1 /* Build configuration list for PBXNativeTarget "MyTableView" */;
			buildPhases = (
				8454E09F1D6E860400A74CB1 /* Sources */,
				8454E0A01D6E860400A74CB1 /* Frameworks */,
				8454E0A11D6E860400A74CB1 /* Resources */,
			);
			buildRules = (
			);
			dependencies = (
			);
			name = MyTableView;
			productName = MyTableView;
			productReference = 8454E0A31D6E860400A74CB1 /* MyTableView.app */;
			productType = "com.apple.product-type.application";
		};
		8454E0B61D6E860400A74CB1 /* MyTableViewTests */ = {
			isa = PBXNativeTarget;
			buildConfigurationList = 8454E0C31D6E860400A74CB1 /* Build configuration list for PBXNativeTarget "MyTableViewTests" */;
			buildPhases = (
				8454E0B31D6E860400A74CB1 /* Sources */,
				8454E0B41D6E860400A74CB1 /* Frameworks */,
				8454E0B51D6E860400A74CB1 /* Resources */,
			);
			buildRules = (
			);
			dependencies = (
				8454E0B91D6E860400A74CB1 /* PBXTargetDependency */,
			);
			name = MyTableViewTests;
			productName = MyTableViewTests;
			productReference = 8454E0B71D6E860400A74CB1 /* MyTableViewTests.xctest */;
			productType = "com.apple.product-type.bundle.unit-test";
		};
/* End PBXNativeTarget section */

/* Begin PBXProject section */
		8454E09B1D6E860300A74CB1 /* Project object */ = {
			isa = PBXProject;
			attributes = {
				LastSwiftUpdateCheck = 0730;
				LastUpgradeCheck = 0730;
				ORGANIZATIONNAME = "Edder Nunez";
				TargetAttributes = {
					8454E0A21D6E860400A74CB1 = {
						CreatedOnToolsVersion = 7.3.1;
					};
					8454E0B61D6E860400A74CB1 = {
						CreatedOnToolsVersion = 7.3.1;
						TestTargetID = 8454E0A21D6E860400A74CB1;
					};
				};
			};
			buildConfigurationList = 8454E09E1D6E860300A74CB1 /* Build configuration list for PBXProject "MyTableView" */;
			compatibilityVersion = "Xcode 3.2";
			developmentRegion = English;
			hasScannedForEncodings = 0;
			knownRegions = (
				en,
				Base,
			);
			mainGroup = 8454E09A1D6E860300A74CB1;
			productRefGroup = 8454E0A41D6E860400A74CB1 /* Products */;
			projectDirPath = "";
			projectRoot = "";
			targets = (
				8454E0A21D6E860400A74CB1 /* MyTableView */,
				8454E0B61D6E860400A74CB1 /* MyTableViewTests */,
			);
		};
/* End PBXProject section */

/* Begin PBXResourcesBuildPhase section */
		8454E0A11D6E860400A74CB1 /* Resources */ = {
			isa = PBXResourcesBuildPhase;
			buildActionMask = 2147483647;
			files = (
				8454E0B11D6E860400A74CB1 /* LaunchScreen.storyboard in Resources */,
				8454E0AE1D6E860400A74CB1 /* Assets.xcassets in Resources */,
				8454E0AC1D6E860400A74CB1 /* Main.storyboard in Resources */,
			);
			runOnlyForDeploymentPostprocessing = 0;
		};
		8454E0B51D6E860400A74CB1 /* Resources */ = {
			isa = PBXResourcesBuildPhase;
			buildActionMask = 2147483647;
			files = (
			);
			runOnlyForDeploymentPostprocessing = 0;
		};
/* End PBXResourcesBuildPhase section */

/* Begin PBXSourcesBuildPhase section */
		8454E09F1D6E860400A74CB1 /* Sources */ = {
			isa = PBXSourcesBuildPhase;
			buildActionMask = 2147483647;
			files = (
				8454E0C71D6E86B000A74CB1 /* WebServiceManager.swift in Sources */,
				8454E0A91D6E860400A74CB1 /* ViewController.swift in Sources */,
				8454E0A71D6E860400A74CB1 /* AppDelegate.swift in Sources */,
			);
			runOnlyForDeploymentPostprocessing = 0;
		};
		8454E0B31D6E860400A74CB1 /* Sources */ = {
			isa = PBXSourcesBuildPhase;
			buildActionMask = 2147483647;
			files = (
				8454E0BC1D6E860400A74CB1 /* MyTableViewTests.swift in Sources */,
			);
			runOnlyForDeploymentPostprocessing = 0;
		};
/* End PBXSourcesBuildPhase section */

/* Begin PBXTargetDependency section */
		8454E0B91D6E860400A74CB1 /* PBXTargetDependency */ = {
			isa = PBXTargetDependency;
			target = 8454E0A21D6E860400A74CB1 /* MyTableView */;
			targetProxy = 8454E0B81D6E860400A74CB1 /* PBXContainerItemProxy */;
		};
/* End PBXTargetDependency section */

/* Begin PBXVariantGroup section */
		8454E0AA1D6E860400A74CB1 /* Main.storyboard */ = {
			isa = PBXVariantGroup;
			children = (
				8454E0AB1D6E860400A74CB1 /* Base */,
			);
			name = Main.storyboard;
			sourceTree = "<group>";
		};
		8454E0AF1D6E860400A74CB1 /* LaunchScreen.storyboard */ = {
			isa = PBXVariantGroup;
			children = (
				8454E0B01D6E860400A74CB1 /* Base */,
			);
			name = LaunchScreen.storyboard;
			sourceTree = "<group>";
		};
/* End PBXVariantGroup section */

/* Begin XCBuildConfiguration section */
		8454E0BE1D6E860400A74CB1 /* Debug */ = {
			isa = XCBuildConfiguration;
			buildSettings = {
				ALWAYS_SEARCH_USER_PATHS = NO;
				CLANG_ANALYZER_NONNULL = YES;
				CLANG_CXX_LANGUAGE_STANDARD = "gnu++0x";
				CLANG_CXX_LIBRARY = "libc++";
				CLANG_ENABLE_MODULES = YES;
				CLANG_ENABLE_OBJC_ARC = YES;
				CLANG_WARN_BOOL_CONVERSION = YES;
				CLANG_WARN_CONSTANT_CONVERSION = YES;
				CLANG_WARN_DIRECT_OBJC_ISA_USAGE = YES_ERROR;
				CLANG_WARN_EMPTY_BODY = YES;
				CLANG_WARN_ENUM_CONVERSION = YES;
				CLANG_WARN_INT_CONVERSION = YES;
				CLANG_WARN_OBJC_ROOT_CLASS = YES_ERROR;
				CLANG_WARN_UNREACHABLE_CODE = YES;
				CLANG_WARN__DUPLICATE_METHOD_MATCH = YES;
				"CODE_SIGN_IDENTITY[sdk=iphoneos*]" = "iPhone Developer";
				COPY_PHASE_STRIP = NO;
				DEBUG_INFORMATION_FORMAT = dwarf;
				ENABLE_STRICT_OBJC_MSGSEND = YES;
				ENABLE_TESTABILITY = YES;
				GCC_C_LANGUAGE_STANDARD = gnu99;
				GCC_DYNAMIC_NO_PIC = NO;
				GCC_NO_COMMON_BLOCKS = YES;
				GCC_OPTIMIZATION_LEVEL = 0;
				GCC_PREPROCESSOR_DEFINITIONS = (
					"DEBUG=1",
					"$(inherited)",
				);
				GCC_WARN_64_TO_32_BIT_CONVERSION = YES;
				GCC_WARN_ABOUT_RETURN_TYPE = YES_ERROR;
				GCC_WARN_UNDECLARED_SELECTOR = YES;
				GCC_WARN_UNINITIALIZED_AUTOS = YES_AGGRESSIVE;
				GCC_WARN_UNUSED_FUNCTION = YES;
				GCC_WARN_UNUSED_VARIABLE = YES;
				IPHONEOS_DEPLOYMENT_TARGET = 9.3;
				MTL_ENABLE_DEBUG_INFO = YES;
				ONLY_ACTIVE_ARCH = YES;
				SDKROOT = iphoneos;
				SWIFT_OPTIMIZATION_LEVEL = "-Onone";
				TARGETED_DEVICE_FAMILY = "1,2";
			};
			name = Debug;
		};
		8454E0BF1D6E860400A74CB1 /* Release */ = {
			isa = XCBuildConfiguration;
			buildSettings = {
				ALWAYS_SEARCH_USER_PATHS = NO;
				CLANG_ANALYZER_NONNULL = YES;
				CLANG_CXX_LANGUAGE_STANDARD = "gnu++0x";
				CLANG_CXX_LIBRARY = "libc++";
				CLANG_ENABLE_MODULES = YES;
				CLANG_ENABLE_OBJC_ARC = YES;
				CLANG_WARN_BOOL_CONVERSION = YES;
				CLANG_WARN_CONSTANT_CONVERSION = YES;
				CLANG_WARN_DIRECT_OBJC_ISA_USAGE = YES_ERROR;
				CLANG_WARN_EMPTY_BODY = YES;
				CLANG_WARN_ENUM_CONVERSION = YES;
				CLANG_WARN_INT_CONVERSION = YES;
				CLANG_WARN_OBJC_ROOT_CLASS = YES_ERROR;
				CLANG_WARN_UNREACHABLE_CODE = YES;
				CLANG_WARN__DUPLICATE_METHOD_MATCH = YES;
				"CODE_SIGN_IDENTITY[sdk=iphoneos*]" = "iPhone Developer";
				COPY_PHASE_STRIP = NO;
				DEBUG_INFORMATION_FORMAT = "dwarf-with-dsym";
				ENABLE_NS_ASSERTIONS = NO;
				ENABLE_STRICT_OBJC_MSGSEND = YES;
				GCC_C_LANGUAGE_STANDARD = gnu99;
				GCC_NO_COMMON_BLOCKS = YES;
				GCC_WARN_64_TO_32_BIT_CONVERSION = YES;
				GCC_WARN_ABOUT_RETURN_TYPE = YES_ERROR;
				GCC_WARN_UNDECLARED_SELECTOR = YES;
				GCC_WARN_UNINITIALIZED_AUTOS = YES_AGGRESSIVE;
				GCC_WARN_UNUSED_FUNCTION = YES;
				GCC_WARN_UNUSED_VARIABLE = YES;
				IPHONEOS_DEPLOYMENT_TARGET = 9.3;
				MTL_ENABLE_DEBUG_INFO = NO;
				SDKROOT = iphoneos;
				TARGETED_DEVICE_FAMILY = "1,2";
				VALIDATE_PRODUCT = YES;
			};
			name = Release;
		};
		8454E0C11D6E860400A74CB1 /* Debug */ = {
			isa = XCBuildConfiguration;
			buildSettings = {
				ASSETCATALOG_COMPILER_APPICON_NAME = AppIcon;
				INFOPLIST_FILE = MyTableView/Info.plist;
				LD_RUNPATH_SEARCH_PATHS = "$(inherited) @executable_path/Frameworks";
				PRODUCT_BUNDLE_IDENTIFIER = MAC.MyTableView;
				PRODUCT_NAME = "$(TARGET_NAME)";
			};
			name = Debug;
		};
		8454E0C21D6E860400A74CB1 /* Release */ = {
			isa = XCBuildConfiguration;
			buildSettings = {
				ASSETCATALOG_COMPILER_APPICON_NAME = AppIcon;
				INFOPLIST_FILE = MyTableView/Info.plist;
				LD_RUNPATH_SEARCH_PATHS = "$(inherited) @executable_path/Frameworks";
				PRODUCT_BUNDLE_IDENTIFIER = MAC.MyTableView;
				PRODUCT_NAME = "$(TARGET_NAME)";
			};
			name = Release;
		};
		8454E0C41D6E860400A74CB1 /* Debug */ = {
			isa = XCBuildConfiguration;
			buildSettings = {
				BUNDLE_LOADER = "$(TEST_HOST)";
				INFOPLIST_FILE = MyTableViewTests/Info.plist;
				LD_RUNPATH_SEARCH_PATHS = "$(inherited) @executable_path/Frameworks @loader_path/Frameworks";
				PRODUCT_BUNDLE_IDENTIFIER = MAC.MyTableViewTests;
				PRODUCT_NAME = "$(TARGET_NAME)";
				TEST_HOST = "$(BUILT_PRODUCTS_DIR)/MyTableView.app/MyTableView";
			};
			name = Debug;
		};
		8454E0C51D6E860400A74CB1 /* Release */ = {
			isa = XCBuildConfiguration;
			buildSettings = {
				BUNDLE_LOADER = "$(TEST_HOST)";
				INFOPLIST_FILE = MyTableViewTests/Info.plist;
				LD_RUNPATH_SEARCH_PATHS = "$(inherited) @executable_path/Frameworks @loader_path/Frameworks";
				PRODUCT_BUNDLE_IDENTIFIER = MAC.MyTableViewTests;
				PRODUCT_NAME = "$(TARGET_NAME)";
				TEST_HOST = "$(BUILT_PRODUCTS_DIR)/MyTableView.app/MyTableView";
			};
			name = Release;
		};
/* End XCBuildConfiguration section */

/* Begin XCConfigurationList section */
		8454E09E1D6E860300A74CB1 /* Build configuration list for PBXProject "MyTableView" */ = {
			isa = XCConfigurationList;
			buildConfigurations = (
				8454E0BE1D6E860400A74CB1 /* Debug */,
				8454E0BF1D6E860400A74CB1 /* Release */,
			);
			defaultConfigurationIsVisible = 0;
			defaultConfigurationName = Release;
		};
		8454E0C01D6E860400A74CB1 /* Build configuration list for PBXNativeTarget "MyTableView" */ = {
			isa = XCConfigurationList;
			buildConfigurations = (
				8454E0C11D6E860400A74CB1 /* Debug */,
				8454E0C21D6E860400A74CB1 /* Release */,
			);
			defaultConfigurationIsVisible = 0;
		};
		8454E0C31D6E860400A74CB1 /* Build configuration list for PBXNativeTarget "MyTableViewTests" */ = {
			isa = XCConfigurationList;
			buildConfigurations = (
				8454E0C41D6E860400A74CB1 /* Debug */,
				8454E0C51D6E860400A74CB1 /* Release */,
			);
			defaultConfigurationIsVisible = 0;
		};
/* End XCConfigurationList section */
	};
	rootObject = 8454E09B1D6E860300A74CB1 /* Project object */;
}
